github.com/inneslabs/fnpool v0.0.2 h1:RRXu/w47sIThn6MvartiJo7lzi5Qf9rKpnif/7V8RdY=
github.com/inneslabs/fnpool v0.0.2/go.mod h1:yH81xXNyHSRAo5vWdbdc8/cI0BArADck3NGVanZ2KNc=
github.com/inneslabs/jfmt v0.2.0 h1:oqcAl1JQBuwADjtLNnQtQ6f0JJ2qqDOOtmvflWqaF98=
github.com/inneslabs/jfmt v0.2.0/go.mod h1:XP75QgSRwlLssu1QAVDLMDsUkfeBaws/eCcqvMVjThE=
